{
    "_readme": [
        "This file locks the dependencies of your project to a known state",
        "Read more about it at https://getcomposer.org/doc/01-basic-usage.md#installing-dependencies",
        "This file is @generated automatically"
    ],
<<<<<<< HEAD
    "content-hash": "99f6c9386f4eeefdd9081fc134b14d36",
=======
    "content-hash": "d81d8d2f2cb00b46a335c1312ad84e20",
>>>>>>> 255f6ecab93e3899dd5fdefb9a70aa08f92df099
    "packages": [],
    "packages-dev": [],
    "aliases": [],
    "minimum-stability": "dev",
    "stability-flags": {},
    "prefer-stable": true,
    "prefer-lowest": false,
    "platform": {
        "php": "^8.2",
        "ext-pdo": "*"
    },
    "platform-dev": {},
    "plugin-api-version": "2.6.0"
}
